// !$*UTF8*$!
{
	archiveVersion = 1;
	classes = {
	};
	objectVersion = 48;
	objects = {

/* Begin PBXBuildFile section */
		6E63D5CF1FB39CEA00948E51 /* ProfileViewController.swift in Sources */ = {isa = PBXBuildFile; fileRef = 6E63D5CE1FB39CEA00948E51 /* ProfileViewController.swift */; };
		6E7EEEEF1FAE24170002D979 /* AppDelegate.swift in Sources */ = {isa = PBXBuildFile; fileRef = 6E7EEEEE1FAE24170002D979 /* AppDelegate.swift */; };
		6E7EEEF11FAE24170002D979 /* NewsfeedViewController.swift in Sources */ = {isa = PBXBuildFile; fileRef = 6E7EEEF01FAE24170002D979 /* NewsfeedViewController.swift */; };
		6E7EEEF31FAE24170002D979 /* FeaturedViewController.swift in Sources */ = {isa = PBXBuildFile; fileRef = 6E7EEEF21FAE24170002D979 /* FeaturedViewController.swift */; };
		6E7EEEF61FAE24170002D979 /* Main.storyboard in Resources */ = {isa = PBXBuildFile; fileRef = 6E7EEEF41FAE24170002D979 /* Main.storyboard */; };
		6E7EEEF81FAE24170002D979 /* Assets.xcassets in Resources */ = {isa = PBXBuildFile; fileRef = 6E7EEEF71FAE24170002D979 /* Assets.xcassets */; };
		6E7EEEFB1FAE24170002D979 /* LaunchScreen.storyboard in Resources */ = {isa = PBXBuildFile; fileRef = 6E7EEEF91FAE24170002D979 /* LaunchScreen.storyboard */; };
		6E7EEF031FAFD98E0002D979 /* PastTableViewController.swift in Sources */ = {isa = PBXBuildFile; fileRef = 6E7EEF021FAFD98E0002D979 /* PastTableViewController.swift */; };
		6E7EEF051FAFD99E0002D979 /* FutureTableViewController.swift in Sources */ = {isa = PBXBuildFile; fileRef = 6E7EEF041FAFD99E0002D979 /* FutureTableViewController.swift */; };
		6E937CBA1FBCF3BC0026F5DE /* User.swift in Sources */ = {isa = PBXBuildFile; fileRef = 6E937CB91FBCF3BC0026F5DE /* User.swift */; };
		6E937CBC1FBCF4760026F5DE /* Tweet.swift in Sources */ = {isa = PBXBuildFile; fileRef = 6E937CBB1FBCF4760026F5DE /* Tweet.swift */; };
		6E937CBE1FBD21CD0026F5DE /* SeedData.swift in Sources */ = {isa = PBXBuildFile; fileRef = 6E937CBD1FBD21CD0026F5DE /* SeedData.swift */; };
		6ED9A5AD1FBE4D7300D02C7F /* MainTabBarController.swift in Sources */ = {isa = PBXBuildFile; fileRef = 6ED9A5AC1FBE4D7300D02C7F /* MainTabBarController.swift */; };
		6ED9A5CD1FC0B1E800D02C7F /* PastTableViewCell.swift in Sources */ = {isa = PBXBuildFile; fileRef = 6ED9A5CC1FC0B1E800D02C7F /* PastTableViewCell.swift */; };
		6ED9A5D21FC0EE8600D02C7F /* FutureTableViewCell.swift in Sources */ = {isa = PBXBuildFile; fileRef = 6ED9A5D11FC0EE8600D02C7F /* FutureTableViewCell.swift */; };
		6ED9A5D41FC13FE800D02C7F /* ProfileTableViewCell.swift in Sources */ = {isa = PBXBuildFile; fileRef = 6ED9A5D31FC13FE800D02C7F /* ProfileTableViewCell.swift */; };
/* End PBXBuildFile section */

/* Begin PBXFileReference section */
		6E63D5CE1FB39CEA00948E51 /* ProfileViewController.swift */ = {isa = PBXFileReference; lastKnownFileType = sourcecode.swift; path = ProfileViewController.swift; sourceTree = "<group>"; };
		6E7EEEEB1FAE24170002D979 /* Twitter07.app */ = {isa = PBXFileReference; explicitFileType = wrapper.application; includeInIndex = 0; path = Twitter07.app; sourceTree = BUILT_PRODUCTS_DIR; };
		6E7EEEEE1FAE24170002D979 /* AppDelegate.swift */ = {isa = PBXFileReference; lastKnownFileType = sourcecode.swift; path = AppDelegate.swift; sourceTree = "<group>"; };
		6E7EEEF01FAE24170002D979 /* NewsfeedViewController.swift */ = {isa = PBXFileReference; lastKnownFileType = sourcecode.swift; path = NewsfeedViewController.swift; sourceTree = "<group>"; };
		6E7EEEF21FAE24170002D979 /* FeaturedViewController.swift */ = {isa = PBXFileReference; lastKnownFileType = sourcecode.swift; path = FeaturedViewController.swift; sourceTree = "<group>"; };
		6E7EEEF51FAE24170002D979 /* Base */ = {isa = PBXFileReference; lastKnownFileType = file.storyboard; name = Base; path = Base.lproj/Main.storyboard; sourceTree = "<group>"; };
		6E7EEEF71FAE24170002D979 /* Assets.xcassets */ = {isa = PBXFileReference; lastKnownFileType = folder.assetcatalog; path = Assets.xcassets; sourceTree = "<group>"; };
		6E7EEEFA1FAE24170002D979 /* Base */ = {isa = PBXFileReference; lastKnownFileType = file.storyboard; name = Base; path = Base.lproj/LaunchScreen.storyboard; sourceTree = "<group>"; };
		6E7EEEFC1FAE24170002D979 /* Info.plist */ = {isa = PBXFileReference; lastKnownFileType = text.plist.xml; path = Info.plist; sourceTree = "<group>"; };
		6E7EEF021FAFD98E0002D979 /* PastTableViewController.swift */ = {isa = PBXFileReference; lastKnownFileType = sourcecode.swift; path = PastTableViewController.swift; sourceTree = "<group>"; };
		6E7EEF041FAFD99E0002D979 /* FutureTableViewController.swift */ = {isa = PBXFileReference; lastKnownFileType = sourcecode.swift; path = FutureTableViewController.swift; sourceTree = "<group>"; };
		6E937CB91FBCF3BC0026F5DE /* User.swift */ = {isa = PBXFileReference; lastKnownFileType = sourcecode.swift; path = User.swift; sourceTree = "<group>"; };
		6E937CBB1FBCF4760026F5DE /* Tweet.swift */ = {isa = PBXFileReference; lastKnownFileType = sourcecode.swift; path = Tweet.swift; sourceTree = "<group>"; };
		6E937CBD1FBD21CD0026F5DE /* SeedData.swift */ = {isa = PBXFileReference; lastKnownFileType = sourcecode.swift; path = SeedData.swift; sourceTree = "<group>"; };
		6ED9A5AC1FBE4D7300D02C7F /* MainTabBarController.swift */ = {isa = PBXFileReference; lastKnownFileType = sourcecode.swift; path = MainTabBarController.swift; sourceTree = "<group>"; };
		6ED9A5CC1FC0B1E800D02C7F /* PastTableViewCell.swift */ = {isa = PBXFileReference; lastKnownFileType = sourcecode.swift; path = PastTableViewCell.swift; sourceTree = "<group>"; };
		6ED9A5D11FC0EE8600D02C7F /* FutureTableViewCell.swift */ = {isa = PBXFileReference; lastKnownFileType = sourcecode.swift; path = FutureTableViewCell.swift; sourceTree = "<group>"; };
		6ED9A5D31FC13FE800D02C7F /* ProfileTableViewCell.swift */ = {isa = PBXFileReference; lastKnownFileType = sourcecode.swift; path = ProfileTableViewCell.swift; sourceTree = "<group>"; };
/* End PBXFileReference section */

/* Begin PBXFrameworksBuildPhase section */
		6E7EEEE81FAE24170002D979 /* Frameworks */ = {
			isa = PBXFrameworksBuildPhase;
			buildActionMask = 2147483647;
			files = (
			);
			runOnlyForDeploymentPostprocessing = 0;
		};
/* End PBXFrameworksBuildPhase section */

/* Begin PBXGroup section */
		6E7EEEE21FAE24170002D979 = {
			isa = PBXGroup;
			children = (
				6E7EEEED1FAE24170002D979 /* Twitter07 */,
				6E7EEEEC1FAE24170002D979 /* Products */,
			);
			sourceTree = "<group>";
		};
		6E7EEEEC1FAE24170002D979 /* Products */ = {
			isa = PBXGroup;
			children = (
				6E7EEEEB1FAE24170002D979 /* Twitter07.app */,
			);
			name = Products;
			sourceTree = "<group>";
		};
		6E7EEEED1FAE24170002D979 /* Twitter07 */ = {
			isa = PBXGroup;
			children = (
				6ED9A5D01FC0C0DC00D02C7F /* Tables */,
				6ED9A5CF1FC0C0C100D02C7F /* Controllers */,
				6ED9A5CE1FC0C0B000D02C7F /* Cells */,
				6E937CB81FBCF3970026F5DE /* SeedData */,
				6E7EEEEE1FAE24170002D979 /* AppDelegate.swift */,
				6ED9A5AC1FBE4D7300D02C7F /* MainTabBarController.swift */,
				6E7EEEF41FAE24170002D979 /* Main.storyboard */,
				6E7EEEF71FAE24170002D979 /* Assets.xcassets */,
				6E7EEEF91FAE24170002D979 /* LaunchScreen.storyboard */,
				6E7EEEFC1FAE24170002D979 /* Info.plist */,
			);
			path = Twitter07;
			sourceTree = "<group>";
		};
		6E937CB81FBCF3970026F5DE /* SeedData */ = {
			isa = PBXGroup;
			children = (
				6E937CB91FBCF3BC0026F5DE /* User.swift */,
				6E937CBB1FBCF4760026F5DE /* Tweet.swift */,
				6E937CBD1FBD21CD0026F5DE /* SeedData.swift */,
			);
			path = SeedData;
			sourceTree = "<group>";
		};
		6ED9A5CE1FC0C0B000D02C7F /* Cells */ = {
			isa = PBXGroup;
			children = (
				6ED9A5CC1FC0B1E800D02C7F /* PastTableViewCell.swift */,
				6ED9A5D11FC0EE8600D02C7F /* FutureTableViewCell.swift */,
				6ED9A5D31FC13FE800D02C7F /* ProfileTableViewCell.swift */,
			);
			path = Cells;
			sourceTree = "<group>";
		};
		6ED9A5CF1FC0C0C100D02C7F /* Controllers */ = {
			isa = PBXGroup;
			children = (
				6E7EEEF01FAE24170002D979 /* NewsfeedViewController.swift */,
				6E7EEEF21FAE24170002D979 /* FeaturedViewController.swift */,
				6E63D5CE1FB39CEA00948E51 /* ProfileViewController.swift */,
			);
			path = Controllers;
			sourceTree = "<group>";
		};
		6ED9A5D01FC0C0DC00D02C7F /* Tables */ = {
			isa = PBXGroup;
			children = (
				6E7EEF021FAFD98E0002D979 /* PastTableViewController.swift */,
				6E7EEF041FAFD99E0002D979 /* FutureTableViewController.swift */,
			);
			path = Tables;
			sourceTree = "<group>";
		};
/* End PBXGroup section */

/* Begin PBXNativeTarget section */
		6E7EEEEA1FAE24170002D979 /* Twitter07 */ = {
			isa = PBXNativeTarget;
			buildConfigurationList = 6E7EEEFF1FAE24170002D979 /* Build configuration list for PBXNativeTarget "Twitter07" */;
			buildPhases = (
				6E7EEEE71FAE24170002D979 /* Sources */,
				6E7EEEE81FAE24170002D979 /* Frameworks */,
				6E7EEEE91FAE24170002D979 /* Resources */,
			);
			buildRules = (
			);
			dependencies = (
			);
			name = Twitter07;
			productName = Twitter07;
			productReference = 6E7EEEEB1FAE24170002D979 /* Twitter07.app */;
			productType = "com.apple.product-type.application";
		};
/* End PBXNativeTarget section */

/* Begin PBXProject section */
		6E7EEEE31FAE24170002D979 /* Project object */ = {
			isa = PBXProject;
			attributes = {
				LastSwiftUpdateCheck = 0900;
				LastUpgradeCheck = 0900;
				ORGANIZATIONNAME = Appfish;
				TargetAttributes = {
					6E7EEEEA1FAE24170002D979 = {
						CreatedOnToolsVersion = 9.0.1;
						ProvisioningStyle = Automatic;
					};
				};
			};
			buildConfigurationList = 6E7EEEE61FAE24170002D979 /* Build configuration list for PBXProject "Twitter07" */;
			compatibilityVersion = "Xcode 8.0";
			developmentRegion = en;
			hasScannedForEncodings = 0;
			knownRegions = (
				en,
				Base,
			);
			mainGroup = 6E7EEEE21FAE24170002D979;
			productRefGroup = 6E7EEEEC1FAE24170002D979 /* Products */;
			projectDirPath = "";
			projectRoot = "";
			targets = (
				6E7EEEEA1FAE24170002D979 /* Twitter07 */,
			);
		};
/* End PBXProject section */

/* Begin PBXResourcesBuildPhase section */
		6E7EEEE91FAE24170002D979 /* Resources */ = {
			isa = PBXResourcesBuildPhase;
			buildActionMask = 2147483647;
			files = (
				6E7EEEFB1FAE24170002D979 /* LaunchScreen.storyboard in Resources */,
				6E7EEEF81FAE24170002D979 /* Assets.xcassets in Resources */,
				6E7EEEF61FAE24170002D979 /* Main.storyboard in Resources */,
			);
			runOnlyForDeploymentPostprocessing = 0;
		};
/* End PBXResourcesBuildPhase section */

/* Begin PBXSourcesBuildPhase section */
		6E7EEEE71FAE24170002D979 /* Sources */ = {
			isa = PBXSourcesBuildPhase;
			buildActionMask = 2147483647;
			files = (
				6E63D5CF1FB39CEA00948E51 /* ProfileViewController.swift in Sources */,
				6E7EEEF31FAE24170002D979 /* FeaturedViewController.swift in Sources */,
				6E7EEEEF1FAE24170002D979 /* AppDelegate.swift in Sources */,
				6E7EEF051FAFD99E0002D979 /* FutureTableViewController.swift in Sources */,
				6E7EEEF11FAE24170002D979 /* NewsfeedViewController.swift in Sources */,
				6E7EEF031FAFD98E0002D979 /* PastTableViewController.swift in Sources */,
				6E937CBA1FBCF3BC0026F5DE /* User.swift in Sources */,
				6E937CBC1FBCF4760026F5DE /* Tweet.swift in Sources */,
				6ED9A5CD1FC0B1E800D02C7F /* PastTableViewCell.swift in Sources */,
				6ED9A5D41FC13FE800D02C7F /* ProfileTableViewCell.swift in Sources */,
				6E937CBE1FBD21CD0026F5DE /* SeedData.swift in Sources */,
				6ED9A5D21FC0EE8600D02C7F /* FutureTableViewCell.swift in Sources */,
				6ED9A5AD1FBE4D7300D02C7F /* MainTabBarController.swift in Sources */,
			);
			runOnlyForDeploymentPostprocessing = 0;
		};
/* End PBXSourcesBuildPhase section */

/* Begin PBXVariantGroup section */
		6E7EEEF41FAE24170002D979 /* Main.storyboard */ = {
			isa = PBXVariantGroup;
			children = (
				6E7EEEF51FAE24170002D979 /* Base */,
			);
			name = Main.storyboard;
			sourceTree = "<group>";
		};
		6E7EEEF91FAE24170002D979 /* LaunchScreen.storyboard */ = {
			isa = PBXVariantGroup;
			children = (
				6E7EEEFA1FAE24170002D979 /* Base */,
			);
			name = LaunchScreen.storyboard;
			sourceTree = "<group>";
		};
/* End PBXVariantGroup section */

/* Begin XCBuildConfiguration section */
		6E7EEEFD1FAE24170002D979 /* Debug */ = {
			isa = XCBuildConfiguration;
			buildSettings = {
				ALWAYS_SEARCH_USER_PATHS = NO;
				CLANG_ANALYZER_NONNULL = YES;
				CLANG_ANALYZER_NUMBER_OBJECT_CONVERSION = YES_AGGRESSIVE;
				CLANG_CXX_LANGUAGE_STANDARD = "gnu++14";
				CLANG_CXX_LIBRARY = "libc++";
				CLANG_ENABLE_MODULES = YES;
				CLANG_ENABLE_OBJC_ARC = YES;
				CLANG_WARN_BLOCK_CAPTURE_AUTORELEASING = YES;
				CLANG_WARN_BOOL_CONVERSION = YES;
				CLANG_WARN_COMMA = YES;
				CLANG_WARN_CONSTANT_CONVERSION = YES;
				CLANG_WARN_DIRECT_OBJC_ISA_USAGE = YES_ERROR;
				CLANG_WARN_DOCUMENTATION_COMMENTS = YES;
				CLANG_WARN_EMPTY_BODY = YES;
				CLANG_WARN_ENUM_CONVERSION = YES;
				CLANG_WARN_INFINITE_RECURSION = YES;
				CLANG_WARN_INT_CONVERSION = YES;
				CLANG_WARN_NON_LITERAL_NULL_CONVERSION = YES;
				CLANG_WARN_OBJC_LITERAL_CONVERSION = YES;
				CLANG_WARN_OBJC_ROOT_CLASS = YES_ERROR;
				CLANG_WARN_RANGE_LOOP_ANALYSIS = YES;
				CLANG_WARN_STRICT_PROTOTYPES = YES;
				CLANG_WARN_SUSPICIOUS_MOVE = YES;
				CLANG_WARN_UNGUARDED_AVAILABILITY = YES_AGGRESSIVE;
				CLANG_WARN_UNREACHABLE_CODE = YES;
				CLANG_WARN__DUPLICATE_METHOD_MATCH = YES;
				CODE_SIGN_IDENTITY = "iPhone Developer";
				COPY_PHASE_STRIP = NO;
				DEBUG_INFORMATION_FORMAT = dwarf;
				ENABLE_STRICT_OBJC_MSGSEND = YES;
				ENABLE_TESTABILITY = YES;
				GCC_C_LANGUAGE_STANDARD = gnu11;
				GCC_DYNAMIC_NO_PIC = NO;
				GCC_NO_COMMON_BLOCKS = YES;
				GCC_OPTIMIZATION_LEVEL = 0;
				GCC_PREPROCESSOR_DEFINITIONS = (
					"DEBUG=1",
					"$(inherited)",
				);
				GCC_WARN_64_TO_32_BIT_CONVERSION = YES;
				GCC_WARN_ABOUT_RETURN_TYPE = YES_ERROR;
				GCC_WARN_UNDECLARED_SELECTOR = YES;
				GCC_WARN_UNINITIALIZED_AUTOS = YES_AGGRESSIVE;
				GCC_WARN_UNUSED_FUNCTION = YES;
				GCC_WARN_UNUSED_VARIABLE = YES;
				IPHONEOS_DEPLOYMENT_TARGET = 11.0;
				MTL_ENABLE_DEBUG_INFO = YES;
				ONLY_ACTIVE_ARCH = YES;
				SDKROOT = iphoneos;
				SWIFT_ACTIVE_COMPILATION_CONDITIONS = DEBUG;
				SWIFT_OPTIMIZATION_LEVEL = "-Onone";
			};
			name = Debug;
		};
		6E7EEEFE1FAE24170002D979 /* Release */ = {
			isa = XCBuildConfiguration;
			buildSettings = {
				ALWAYS_SEARCH_USER_PATHS = NO;
				CLANG_ANALYZER_NONNULL = YES;
				CLANG_ANALYZER_NUMBER_OBJECT_CONVERSION = YES_AGGRESSIVE;
				CLANG_CXX_LANGUAGE_STANDARD = "gnu++14";
				CLANG_CXX_LIBRARY = "libc++";
				CLANG_ENABLE_MODULES = YES;
				CLANG_ENABLE_OBJC_ARC = YES;
				CLANG_WARN_BLOCK_CAPTURE_AUTORELEASING = YES;
				CLANG_WARN_BOOL_CONVERSION = YES;
				CLANG_WARN_COMMA = YES;
				CLANG_WARN_CONSTANT_CONVERSION = YES;
				CLANG_WARN_DIRECT_OBJC_ISA_USAGE = YES_ERROR;
				CLANG_WARN_DOCUMENTATION_COMMENTS = YES;
				CLANG_WARN_EMPTY_BODY = YES;
				CLANG_WARN_ENUM_CONVERSION = YES;
				CLANG_WARN_INFINITE_RECURSION = YES;
				CLANG_WARN_INT_CONVERSION = YES;
				CLANG_WARN_NON_LITERAL_NULL_CONVERSION = YES;
				CLANG_WARN_OBJC_LITERAL_CONVERSION = YES;
				CLANG_WARN_OBJC_ROOT_CLASS = YES_ERROR;
				CLANG_WARN_RANGE_LOOP_ANALYSIS = YES;
				CLANG_WARN_STRICT_PROTOTYPES = YES;
				CLANG_WARN_SUSPICIOUS_MOVE = YES;
				CLANG_WARN_UNGUARDED_AVAILABILITY = YES_AGGRESSIVE;
				CLANG_WARN_UNREACHABLE_CODE = YES;
				CLANG_WARN__DUPLICATE_METHOD_MATCH = YES;
				CODE_SIGN_IDENTITY = "iPhone Developer";
				COPY_PHASE_STRIP = NO;
				DEBUG_INFORMATION_FORMAT = "dwarf-with-dsym";
				ENABLE_NS_ASSERTIONS = NO;
				ENABLE_STRICT_OBJC_MSGSEND = YES;
				GCC_C_LANGUAGE_STANDARD = gnu11;
				GCC_NO_COMMON_BLOCKS = YES;
				GCC_WARN_64_TO_32_BIT_CONVERSION = YES;
				GCC_WARN_ABOUT_RETURN_TYPE = YES_ERROR;
				GCC_WARN_UNDECLARED_SELECTOR = YES;
				GCC_WARN_UNINITIALIZED_AUTOS = YES_AGGRESSIVE;
				GCC_WARN_UNUSED_FUNCTION = YES;
				GCC_WARN_UNUSED_VARIABLE = YES;
				IPHONEOS_DEPLOYMENT_TARGET = 11.0;
				MTL_ENABLE_DEBUG_INFO = NO;
				SDKROOT = iphoneos;
				SWIFT_OPTIMIZATION_LEVEL = "-Owholemodule";
				VALIDATE_PRODUCT = YES;
			};
			name = Release;
		};
		6E7EEF001FAE24170002D979 /* Debug */ = {
			isa = XCBuildConfiguration;
			buildSettings = {
				ASSETCATALOG_COMPILER_APPICON_NAME = AppIcon;
				CODE_SIGN_STYLE = Automatic;
				INFOPLIST_FILE = Twitter07/Info.plist;
				LD_RUNPATH_SEARCH_PATHS = "$(inherited) @executable_path/Frameworks";
				PRODUCT_BUNDLE_IDENTIFIER = com.appfish.Twitter07;
				PRODUCT_NAME = "$(TARGET_NAME)";
				SWIFT_VERSION = 4.0;
				TARGETED_DEVICE_FAMILY = "1,2";
			};
			name = Debug;
		};
		6E7EEF011FAE24170002D979 /* Release */ = {
			isa = XCBuildConfiguration;
			buildSettings = {
				ASSETCATALOG_COMPILER_APPICON_NAME = AppIcon;
				CODE_SIGN_STYLE = Automatic;
				INFOPLIST_FILE = Twitter07/Info.plist;
				LD_RUNPATH_SEARCH_PATHS = "$(inherited) @executable_path/Frameworks";
				PRODUCT_BUNDLE_IDENTIFIER = com.appfish.Twitter07;
				PRODUCT_NAME = "$(TARGET_NAME)";
				SWIFT_VERSION = 4.0;
				TARGETED_DEVICE_FAMILY = "1,2";
			};
			name = Release;
		};
/* End XCBuildConfiguration section */

/* Begin XCConfigurationList section */
		6E7EEEE61FAE24170002D979 /* Build configuration list for PBXProject "Twitter07" */ = {
			isa = XCConfigurationList;
			buildConfigurations = (
				6E7EEEFD1FAE24170002D979 /* Debug */,
				6E7EEEFE1FAE24170002D979 /* Release */,
			);
			defaultConfigurationIsVisible = 0;
			defaultConfigurationName = Release;
		};
		6E7EEEFF1FAE24170002D979 /* Build configuration list for PBXNativeTarget "Twitter07" */ = {
			isa = XCConfigurationList;
			buildConfigurations = (
				6E7EEF001FAE24170002D979 /* Debug */,
				6E7EEF011FAE24170002D979 /* Release */,
			);
			defaultConfigurationIsVisible = 0;
			defaultConfigurationName = Release;
		};
/* End XCConfigurationList section */
	};
	rootObject = 6E7EEEE31FAE24170002D979 /* Project object */;
}
